
Microsoft Visual Studio Solution File, Format Version 12.00
# Visual Studio Version 17
VisualStudioVersion = 17.3.32825.248
MinimumVisualStudioVersion = 10.0.40219.1
Project("{FAE04EC0-301F-11D3-BF4B-00C04F79EFBC}") = "De07", "De07.csproj", "{49641ECC-ADC8-49B7-AD72-C8FB0A0933E4}"
EndProject
Global
	GlobalSection(SolutionConfigurationPlatforms) = preSolution
		Debug|Any CPU = Debug|Any CPU
		Release|Any CPU = Release|Any CPU
	EndGlobalSection
	GlobalSection(ProjectConfigurationPlatforms) = postSolution
		{49641ECC-ADC8-49B7-AD72-C8FB0A0933E4}.Debug|Any CPU.ActiveCfg = Debug|Any CPU
		{49641ECC-ADC8-49B7-AD72-C8FB0A0933E4}.Debug|Any CPU.Build.0 = Debug|Any CPU
		{49641ECC-ADC8-49B7-AD72-C8FB0A0933E4}.Release|Any CPU.ActiveCfg = Release|Any CPU
		{49641ECC-ADC8-49B7-AD72-C8FB0A0933E4}.Release|Any CPU.Build.0 = Release|Any CPU
	EndGlobalSection
	GlobalSection(SolutionProperties) = preSolution
		HideSolutionNode = FALSE
	EndGlobalSection
	GlobalSection(ExtensibilityGlobals) = postSolution
		SolutionGuid = {37606B73-601E-46B6-881D-E3E4E3485E26}
	EndGlobalSection
EndGlobal
